<?xml version="1.0" encoding="utf-8"?>
<Project ToolsVersion="4.0" xmlns="http://schemas.microsoft.com/developer/msbuild/2003">
  <ItemGroup>
    <Filter Include="Source Files">
      <UniqueIdentifier>{4FC737F1-C7A5-4376-A066-2A32D752A2FF}</UniqueIdentifier>
      <Extensions>cpp;c;cc;cxx;def;odl;idl;hpj;bat;asm;asmx</Extensions>
    </Filter>
    <Filter Include="Header Files">
      <UniqueIdentifier>{93995380-89BD-4b04-88EB-625FBE52EBFB}</UniqueIdentifier>
      <Extensions>h;hh;hpp;hxx;hm;inl;inc;xsd</Extensions>
    </Filter>
    <Filter Include="Resource Files">
      <UniqueIdentifier>{67DA6AB6-F800-4c08-8B7A-83BB121AAD01}</UniqueIdentifier>
      <Extensions>rc;ico;cur;bmp;dlg;rc2;rct;bin;rgs;gif;jpg;jpeg;jpe;resx;tiff;tif;png;wav;mfcribbon-ms</Extensions>
    </Filter>
  </ItemGroup>
  <ItemGroup>
    <Text Include="ReadMe.txt" />
  </ItemGroup>
  <ItemGroup>
    <ClInclude Include="ValidateUI.h">
      <Filter>Header Files</Filter>
    </ClInclude>
    <ClInclude Include="stdafx.h">
      <Filter>Header Files</Filter>
    </ClInclude>
    <ClInclude Include="targetver.h">
      <Filter>Header Files</Filter>
    </ClInclude>
    <ClInclude Include="MainFrm.h">
      <Filter>Header Files</Filter>
    </ClInclude>
    <ClInclude Include="ValidateUIDoc.h">
      <Filter>Header Files</Filter>
    </ClInclude>
    <ClInclude Include="ValidateUIView.h">
      <Filter>Header Files</Filter>
    </ClInclude>
    <ClInclude Include="Resource.h">
      <Filter>Header Files</Filter>
    </ClInclude>
    <ClInclude Include="DisplayView.h">
      <Filter>Header Files</Filter>
    </ClInclude>
    <ClInclude Include="ControlView.h">
      <Filter>Header Files</Filter>
    </ClInclude>
    <ClInclude Include="SampleFileView.h">
      <Filter>Header Files</Filter>
    </ClInclude>
    <ClInclude Include="RecoveryFileView.h">
      <Filter>Header Files</Filter>
    </ClInclude>
    <ClInclude Include="ControlDlg.h">
      <Filter>Header Files</Filter>
    </ClInclude>
    <ClInclude Include="FileDlg.h">
      <Filter>Header Files</Filter>
    </ClInclude>
    <ClInclude Include="MachineDlg.h">
      <Filter>Header Files</Filter>
    </ClInclude>
    <ClInclude Include="MyAppProtocol.h">
      <Filter>Header Files</Filter>
    </ClInclude>
    <ClInclude Include="VBoxController.hpp">
      <Filter>Header Files</Filter>
    </ClInclude>
    <ClInclude Include="utility.hpp">
      <Filter>Header Files</Filter>
    </ClInclude>
    <ClInclude Include="MySocket.h">
      <Filter>Header Files</Filter>
    </ClInclude>
    <ClInclude Include="VBox.hpp">
      <Filter>Header Files</Filter>
    </ClInclude>
    <ClInclude Include="PictureEx.h">
      <Filter>Header Files</Filter>
    </ClInclude>
  </ItemGroup>
  <ItemGroup>
    <ClCompile Include="ValidateUI.cpp">
      <Filter>Source Files</Filter>
    </ClCompile>
    <ClCompile Include="stdafx.cpp">
      <Filter>Source Files</Filter>
    </ClCompile>
    <ClCompile Include="MainFrm.cpp">
      <Filter>Source Files</Filter>
    </ClCompile>
    <ClCompile Include="ValidateUIDoc.cpp">
      <Filter>Source Files</Filter>
    </ClCompile>
    <ClCompile Include="ValidateUIView.cpp">
      <Filter>Source Files</Filter>
    </ClCompile>
    <ClCompile Include="DisplayView.cpp">
      <Filter>Source Files</Filter>
    </ClCompile>
    <ClCompile Include="ControlView.cpp">
      <Filter>Source Files</Filter>
    </ClCompile>
    <ClCompile Include="SampleFileView.cpp">
      <Filter>Source Files</Filter>
    </ClCompile>
    <ClCompile Include="RecoveryFileView.cpp">
      <Filter>Source Files</Filter>
    </ClCompile>
    <ClCompile Include="ControlDlg.cpp">
      <Filter>Source Files</Filter>
    </ClCompile>
    <ClCompile Include="FileDlg.cpp">
      <Filter>Source Files</Filter>
    </ClCompile>
    <ClCompile Include="MachineDlg.cpp">
      <Filter>Source Files</Filter>
    </ClCompile>
    <ClCompile Include="VBoxController.cpp">
      <Filter>Source Files</Filter>
    </ClCompile>
    <ClCompile Include="utility.cpp">
      <Filter>Source Files</Filter>
    </ClCompile>
    <ClCompile Include="MySocket.cpp">
      <Filter>Source Files</Filter>
    </ClCompile>
    <ClCompile Include="VBox.cpp">
      <Filter>Source Files</Filter>
    </ClCompile>
    <ClCompile Include="PictureEx.cpp">
      <Filter>Source Files</Filter>
    </ClCompile>
  </ItemGroup>
  <ItemGroup>
    <ResourceCompile Include="ValidateUI.rc">
      <Filter>Resource Files</Filter>
    </ResourceCompile>
  </ItemGroup>
  <ItemGroup>
    <None Include="res\ValidateUI.rc2">
      <Filter>Resource Files</Filter>
    </None>
    <None Include="res\gif1.bin">
      <Filter>Resource Files</Filter>
    </None>
    <None Include="res\gif2.bin">
      <Filter>Resource Files</Filter>
    </None>
  </ItemGroup>
  <ItemGroup>
    <Image Include="res\ValidateUIDoc.ico">
      <Filter>Resource Files</Filter>
    </Image>
    <Image Include="res\ValidateUI.ico">
      <Filter>Resource Files</Filter>
    </Image>
    <Image Include="res\Toolbar.bmp">
      <Filter>Resource Files</Filter>
    </Image>
    <Image Include="..\..\..\..\FILE_RECOVERY.bmp">
      <Filter>Resource Files</Filter>
    </Image>
    <Image Include="..\..\..\..\FILE_SAMPLE.bmp">
      <Filter>Resource Files</Filter>
    </Image>
    <Image Include="..\..\..\..\FILE_COMPLETE.bmp">
      <Filter>Resource Files</Filter>
    </Image>
    <Image Include="..\..\..\..\bitmap1.bmp">
      <Filter>Resource Files</Filter>
    </Image>
    <Image Include="res\OS_WIN08.bmp">
      <Filter>Resource Files</Filter>
    </Image>
    <Image Include="res\OS_WIN10.bmp">
      <Filter>Resource Files</Filter>
    </Image>
    <Image Include="res\OS_WIN07.bmp">
      <Filter>Resource Files</Filter>
    </Image>
    <Image Include="res\FILE_RECOVERY.bmp">
      <Filter>Resource Files</Filter>
    </Image>
    <Image Include="res\FILE_SAMPLE.bmp">
      <Filter>Resource Files</Filter>
    </Image>
    <Image Include="res\FILE_COMPLETE.bmp">
      <Filter>Resource Files</Filter>
    </Image>
    <Image Include="res\Spinner-1s-200px.gif">
      <Filter>Resource Files</Filter>
    </Image>
    <Image Include="res\Spinner-1s-200px (1).gif">
      <Filter>Resource Files</Filter>
    </Image>
    <Image Include="res\Spinner-1s-200px .gif">
      <Filter>Resource Files</Filter>
    </Image>
    <Image Include="res\ajax-loader.gif">
      <Filter>Resource Files</Filter>
    </Image>
  </ItemGroup>
</Project>